{
    "name": "@sladg/pdf-lambda",
    "version": "0.1.1",
    "lockfileVersion": 2,
    "requires": true,
    "packages": {
        "": {
            "name": "@sladg/pdf-lambda",
            "version": "0.1.1",
            "license": "MIT",
            "bin": {
                "deploy": "scripts/deploy.sh"
            },
            "engines": {
                "node": ">=16.15"
            }
        }
    }
}
